
Microsoft Visual Studio Solution File, Format Version 12.00
# Visual Studio Version 16
VisualStudioVersion = 16.0.30001.183
MinimumVisualStudioVersion = 10.0.40219.1
Project("{FAE04EC0-301F-11D3-BF4B-00C04F79EFBC}") = "WasmClientEFCore.Server", "WasmClientEFCore\Server\WasmClientEFCore.Server.csproj", "{D708DCBC-E658-48FC-9BFE-83B297604955}"
EndProject
Project("{FAE04EC0-301F-11D3-BF4B-00C04F79EFBC}") = "WasmClientEFCore.Client", "WasmClientEFCore\Client\WasmClientEFCore.Client.csproj", "{270D03A4-0BE6-45C8-807B-FC43DC98483D}"
EndProject
Project("{FAE04EC0-301F-11D3-BF4B-00C04F79EFBC}") = "WasmClientEFCore.Db", "WasmClientEFCore.Db\WasmClientEFCore.Db.csproj", "{5EEFD901-1BEA-4BAF-B554-F2FDD4B2EE33}"
EndProject
Project("{FAE04EC0-301F-11D3-BF4B-00C04F79EFBC}") = "WasmClientEFCore.Db.Migrations", "WasmClientEFCore.Db.Migrations\WasmClientEFCore.Db.Migrations.csproj", "{A3F11F3D-340B-4B39-8A43-1362C24E17A0}"
EndProject
Global
	GlobalSection(SolutionConfigurationPlatforms) = preSolution
		Debug|Any CPU = Debug|Any CPU
		Release|Any CPU = Release|Any CPU
	EndGlobalSection
	GlobalSection(ProjectConfigurationPlatforms) = postSolution
		{D708DCBC-E658-48FC-9BFE-83B297604955}.Debug|Any CPU.ActiveCfg = Debug|Any CPU
		{D708DCBC-E658-48FC-9BFE-83B297604955}.Debug|Any CPU.Build.0 = Debug|Any CPU
		{D708DCBC-E658-48FC-9BFE-83B297604955}.Release|Any CPU.ActiveCfg = Release|Any CPU
		{D708DCBC-E658-48FC-9BFE-83B297604955}.Release|Any CPU.Build.0 = Release|Any CPU
		{270D03A4-0BE6-45C8-807B-FC43DC98483D}.Debug|Any CPU.ActiveCfg = Debug|Any CPU
		{270D03A4-0BE6-45C8-807B-FC43DC98483D}.Debug|Any CPU.Build.0 = Debug|Any CPU
		{270D03A4-0BE6-45C8-807B-FC43DC98483D}.Release|Any CPU.ActiveCfg = Release|Any CPU
		{270D03A4-0BE6-45C8-807B-FC43DC98483D}.Release|Any CPU.Build.0 = Release|Any CPU
		{5EEFD901-1BEA-4BAF-B554-F2FDD4B2EE33}.Debug|Any CPU.ActiveCfg = Debug|Any CPU
		{5EEFD901-1BEA-4BAF-B554-F2FDD4B2EE33}.Debug|Any CPU.Build.0 = Debug|Any CPU
		{5EEFD901-1BEA-4BAF-B554-F2FDD4B2EE33}.Release|Any CPU.ActiveCfg = Release|Any CPU
		{5EEFD901-1BEA-4BAF-B554-F2FDD4B2EE33}.Release|Any CPU.Build.0 = Release|Any CPU
		{A3F11F3D-340B-4B39-8A43-1362C24E17A0}.Debug|Any CPU.ActiveCfg = Debug|Any CPU
		{A3F11F3D-340B-4B39-8A43-1362C24E17A0}.Debug|Any CPU.Build.0 = Debug|Any CPU
		{A3F11F3D-340B-4B39-8A43-1362C24E17A0}.Release|Any CPU.ActiveCfg = Release|Any CPU
		{A3F11F3D-340B-4B39-8A43-1362C24E17A0}.Release|Any CPU.Build.0 = Release|Any CPU
	EndGlobalSection
	GlobalSection(SolutionProperties) = preSolution
		HideSolutionNode = FALSE
	EndGlobalSection
	GlobalSection(ExtensibilityGlobals) = postSolution
		SolutionGuid = {7FD792C1-2F45-497B-A5B5-920077E56AE6}
	EndGlobalSection
EndGlobal
